# THIS IS AN AUTOGENERATED FILE. DO NOT EDIT THIS FILE DIRECTLY.
# yarn lockfile v1


big.js@^6.1.1:
  version "6.1.1"
  resolved "https://registry.yarnpkg.com/big.js/-/big.js-6.1.1.tgz#63b35b19dc9775c94991ee5db7694880655d5537"
  integrity sha512-1vObw81a8ylZO5ePrtMay0n018TcftpTA5HFKDaSuiUDBo8biRBtjIobw60OpwuvrGk+FsxKamqN4cnmj/eXdg==
